
Microsoft Visual Studio Solution File, Format Version 12.00
# Visual Studio Version 16
VisualStudioVersion = 16.0.30717.126
MinimumVisualStudioVersion = 10.0.40219.1
Project("{9A19103F-16F7-4668-BE54-9A1E7A4F7556}") = "UnfallVisualisierung", "UnfallVisualisierung\UnfallVisualisierung.csproj", "{F37707F6-3A48-46C2-8DC9-24583B193161}"
EndProject
Project("{9A19103F-16F7-4668-BE54-9A1E7A4F7556}") = "ImportData", "..\ImportData\ImportData\ImportData\ImportData.csproj", "{A6808D8C-B336-4C8C-9164-FF9408E76C49}"
EndProject
Global
	GlobalSection(SolutionConfigurationPlatforms) = preSolution
		Debug|Any CPU = Debug|Any CPU
		Release|Any CPU = Release|Any CPU
	EndGlobalSection
	GlobalSection(ProjectConfigurationPlatforms) = postSolution
		{F37707F6-3A48-46C2-8DC9-24583B193161}.Debug|Any CPU.ActiveCfg = Debug|Any CPU
		{F37707F6-3A48-46C2-8DC9-24583B193161}.Debug|Any CPU.Build.0 = Debug|Any CPU
		{F37707F6-3A48-46C2-8DC9-24583B193161}.Release|Any CPU.ActiveCfg = Release|Any CPU
		{F37707F6-3A48-46C2-8DC9-24583B193161}.Release|Any CPU.Build.0 = Release|Any CPU
		{A6808D8C-B336-4C8C-9164-FF9408E76C49}.Debug|Any CPU.ActiveCfg = Debug|Any CPU
		{A6808D8C-B336-4C8C-9164-FF9408E76C49}.Debug|Any CPU.Build.0 = Debug|Any CPU
		{A6808D8C-B336-4C8C-9164-FF9408E76C49}.Release|Any CPU.ActiveCfg = Release|Any CPU
		{A6808D8C-B336-4C8C-9164-FF9408E76C49}.Release|Any CPU.Build.0 = Release|Any CPU
	EndGlobalSection
	GlobalSection(SolutionProperties) = preSolution
		HideSolutionNode = FALSE
	EndGlobalSection
	GlobalSection(ExtensibilityGlobals) = postSolution
		SolutionGuid = {471E6632-B91D-49D6-AE7F-48D479D1A1AF}
	EndGlobalSection
EndGlobal
